
Microsoft Visual Studio Solution File, Format Version 12.00
# Visual Studio Version 17
VisualStudioVersion = 17.7.34031.279
MinimumVisualStudioVersion = 10.0.40219.1
Project("{9A19103F-16F7-4668-BE54-9A1E7A4F7556}") = "VietChat", "VietChat\VietChat.csproj", "{F608E866-A1DB-4D8F-B9D1-87EC58E18EDE}"
EndProject
Global
	GlobalSection(SolutionConfigurationPlatforms) = preSolution
		Debug|Any CPU = Debug|Any CPU
		Release|Any CPU = Release|Any CPU
	EndGlobalSection
	GlobalSection(ProjectConfigurationPlatforms) = postSolution
		{F608E866-A1DB-4D8F-B9D1-87EC58E18EDE}.Debug|Any CPU.ActiveCfg = Debug|Any CPU
		{F608E866-A1DB-4D8F-B9D1-87EC58E18EDE}.Debug|Any CPU.Build.0 = Debug|Any CPU
		{F608E866-A1DB-4D8F-B9D1-87EC58E18EDE}.Release|Any CPU.ActiveCfg = Release|Any CPU
		{F608E866-A1DB-4D8F-B9D1-87EC58E18EDE}.Release|Any CPU.Build.0 = Release|Any CPU
		{1FE50314-BABF-4AB8-8236-887F9FBF339F}.Debug|Any CPU.ActiveCfg = Debug
		{1FE50314-BABF-4AB8-8236-887F9FBF339F}.Debug|Any CPU.Build.0 = Debug
		{1FE50314-BABF-4AB8-8236-887F9FBF339F}.Release|Any CPU.ActiveCfg = Release
		{1FE50314-BABF-4AB8-8236-887F9FBF339F}.Release|Any CPU.Build.0 = Release
		{584098FB-313C-4D08-8545-70EC8EB7B986}.Debug|Any CPU.ActiveCfg = Debug
		{584098FB-313C-4D08-8545-70EC8EB7B986}.Debug|Any CPU.Build.0 = Debug
		{584098FB-313C-4D08-8545-70EC8EB7B986}.Release|Any CPU.ActiveCfg = Release
		{584098FB-313C-4D08-8545-70EC8EB7B986}.Release|Any CPU.Build.0 = Release
	EndGlobalSection
	GlobalSection(SolutionProperties) = preSolution
		HideSolutionNode = FALSE
	EndGlobalSection
	GlobalSection(ExtensibilityGlobals) = postSolution
		SolutionGuid = {2E0A4044-711F-4E86-A1BC-F102DDA3D5F0}
	EndGlobalSection
EndGlobal
